// !$*UTF8*$!
{
	archiveVersion = 1;
	classes = {
	};
	objectVersion = 55;
	objects = {

/* Begin PBXBuildFile section */
		2600B81028A53E5900BEA9ED /* AppDelegate.swift in Sources */ = {isa = PBXBuildFile; fileRef = 2600B80F28A53E5900BEA9ED /* AppDelegate.swift */; };
		2600B81228A53E5900BEA9ED /* SceneDelegate.swift in Sources */ = {isa = PBXBuildFile; fileRef = 2600B81128A53E5900BEA9ED /* SceneDelegate.swift */; };
		2600B81428A53E5900BEA9ED /* ViewController.swift in Sources */ = {isa = PBXBuildFile; fileRef = 2600B81328A53E5900BEA9ED /* ViewController.swift */; };
		2600B81928A53E5A00BEA9ED /* Assets.xcassets in Resources */ = {isa = PBXBuildFile; fileRef = 2600B81828A53E5A00BEA9ED /* Assets.xcassets */; };
		2600B81C28A53E5A00BEA9ED /* LaunchScreen.storyboard in Resources */ = {isa = PBXBuildFile; fileRef = 2600B81A28A53E5A00BEA9ED /* LaunchScreen.storyboard */; };
		2600B82428A53FB400BEA9ED /* countryModels.swift in Sources */ = {isa = PBXBuildFile; fileRef = 2600B82328A53FB400BEA9ED /* countryModels.swift */; };
		2600B82628A53FE400BEA9ED /* fetchCountries.swift in Sources */ = {isa = PBXBuildFile; fileRef = 2600B82528A53FE400BEA9ED /* fetchCountries.swift */; };
		2600B82828A5402D00BEA9ED /* detailsViewController.swift in Sources */ = {isa = PBXBuildFile; fileRef = 2600B82728A5402D00BEA9ED /* detailsViewController.swift */; };
/* End PBXBuildFile section */

/* Begin PBXFileReference section */
		2600B80C28A53E5900BEA9ED /* 21(misho zirakashvili).app */ = {isa = PBXFileReference; explicitFileType = wrapper.application; includeInIndex = 0; path = "21(misho zirakashvili).app"; sourceTree = BUILT_PRODUCTS_DIR; };
		2600B80F28A53E5900BEA9ED /* AppDelegate.swift */ = {isa = PBXFileReference; lastKnownFileType = sourcecode.swift; path = AppDelegate.swift; sourceTree = "<group>"; };
		2600B81128A53E5900BEA9ED /* SceneDelegate.swift */ = {isa = PBXFileReference; lastKnownFileType = sourcecode.swift; path = SceneDelegate.swift; sourceTree = "<group>"; };
		2600B81328A53E5900BEA9ED /* ViewController.swift */ = {isa = PBXFileReference; lastKnownFileType = sourcecode.swift; path = ViewController.swift; sourceTree = "<group>"; };
		2600B81828A53E5A00BEA9ED /* Assets.xcassets */ = {isa = PBXFileReference; lastKnownFileType = folder.assetcatalog; path = Assets.xcassets; sourceTree = "<group>"; };
		2600B81B28A53E5A00BEA9ED /* Base */ = {isa = PBXFileReference; lastKnownFileType = file.storyboard; name = Base; path = Base.lproj/LaunchScreen.storyboard; sourceTree = "<group>"; };
		2600B81D28A53E5A00BEA9ED /* Info.plist */ = {isa = PBXFileReference; lastKnownFileType = text.plist.xml; path = Info.plist; sourceTree = "<group>"; };
		2600B82328A53FB400BEA9ED /* countryModels.swift */ = {isa = PBXFileReference; lastKnownFileType = sourcecode.swift; path = countryModels.swift; sourceTree = "<group>"; };
		2600B82528A53FE400BEA9ED /* fetchCountries.swift */ = {isa = PBXFileReference; lastKnownFileType = sourcecode.swift; path = fetchCountries.swift; sourceTree = "<group>"; };
		2600B82728A5402D00BEA9ED /* detailsViewController.swift */ = {isa = PBXFileReference; lastKnownFileType = sourcecode.swift; path = detailsViewController.swift; sourceTree = "<group>"; };
/* End PBXFileReference section */

/* Begin PBXFrameworksBuildPhase section */
		2600B80928A53E5900BEA9ED /* Frameworks */ = {
			isa = PBXFrameworksBuildPhase;
			buildActionMask = 2147483647;
			files = (
			);
			runOnlyForDeploymentPostprocessing = 0;
		};
/* End PBXFrameworksBuildPhase section */

/* Begin PBXGroup section */
		2600B80328A53E5800BEA9ED = {
			isa = PBXGroup;
			children = (
				2600B80E28A53E5900BEA9ED /* 21(misho zirakashvili) */,
				2600B80D28A53E5900BEA9ED /* Products */,
			);
			sourceTree = "<group>";
		};
		2600B80D28A53E5900BEA9ED /* Products */ = {
			isa = PBXGroup;
			children = (
				2600B80C28A53E5900BEA9ED /* 21(misho zirakashvili).app */,
			);
			name = Products;
			sourceTree = "<group>";
		};
		2600B80E28A53E5900BEA9ED /* 21(misho zirakashvili) */ = {
			isa = PBXGroup;
			children = (
				2600B80F28A53E5900BEA9ED /* AppDelegate.swift */,
				2600B81128A53E5900BEA9ED /* SceneDelegate.swift */,
				2600B82328A53FB400BEA9ED /* countryModels.swift */,
				2600B82528A53FE400BEA9ED /* fetchCountries.swift */,
				2600B81328A53E5900BEA9ED /* ViewController.swift */,
				2600B82728A5402D00BEA9ED /* detailsViewController.swift */,
				2600B81828A53E5A00BEA9ED /* Assets.xcassets */,
				2600B81A28A53E5A00BEA9ED /* LaunchScreen.storyboard */,
				2600B81D28A53E5A00BEA9ED /* Info.plist */,
			);
			path = "21(misho zirakashvili)";
			sourceTree = "<group>";
		};
/* End PBXGroup section */

/* Begin PBXNativeTarget section */
		2600B80B28A53E5900BEA9ED /* 21(misho zirakashvili) */ = {
			isa = PBXNativeTarget;
			buildConfigurationList = 2600B82028A53E5A00BEA9ED /* Build configuration list for PBXNativeTarget "21(misho zirakashvili)" */;
			buildPhases = (
				2600B80828A53E5900BEA9ED /* Sources */,
				2600B80928A53E5900BEA9ED /* Frameworks */,
				2600B80A28A53E5900BEA9ED /* Resources */,
			);
			buildRules = (
			);
			dependencies = (
			);
			name = "21(misho zirakashvili)";
			productName = "21(misho zirakashvili)";
			productReference = 2600B80C28A53E5900BEA9ED /* 21(misho zirakashvili).app */;
			productType = "com.apple.product-type.application";
		};
/* End PBXNativeTarget section */

/* Begin PBXProject section */
		2600B80428A53E5800BEA9ED /* Project object */ = {
			isa = PBXProject;
			attributes = {
				BuildIndependentTargetsInParallel = 1;
				LastSwiftUpdateCheck = 1340;
				LastUpgradeCheck = 1340;
				TargetAttributes = {
					2600B80B28A53E5900BEA9ED = {
						CreatedOnToolsVersion = 13.4.1;
					};
				};
			};
			buildConfigurationList = 2600B80728A53E5800BEA9ED /* Build configuration list for PBXProject "21(misho zirakashvili)" */;
			compatibilityVersion = "Xcode 13.0";
			developmentRegion = en;
			hasScannedForEncodings = 0;
			knownRegions = (
				en,
				Base,
			);
			mainGroup = 2600B80328A53E5800BEA9ED;
			productRefGroup = 2600B80D28A53E5900BEA9ED /* Products */;
			projectDirPath = "";
			projectRoot = "";
			targets = (
				2600B80B28A53E5900BEA9ED /* 21(misho zirakashvili) */,
			);
		};
/* End PBXProject section */

/* Begin PBXResourcesBuildPhase section */
		2600B80A28A53E5900BEA9ED /* Resources */ = {
			isa = PBXResourcesBuildPhase;
			buildActionMask = 2147483647;
			files = (
				2600B81C28A53E5A00BEA9ED /* LaunchScreen.storyboard in Resources */,
				2600B81928A53E5A00BEA9ED /* Assets.xcassets in Resources */,
			);
			runOnlyForDeploymentPostprocessing = 0;
		};
/* End PBXResourcesBuildPhase section */

/* Begin PBXSourcesBuildPhase section */
		2600B80828A53E5900BEA9ED /* Sources */ = {
			isa = PBXSourcesBuildPhase;
			buildActionMask = 2147483647;
			files = (
				2600B81428A53E5900BEA9ED /* ViewController.swift in Sources */,
				2600B82828A5402D00BEA9ED /* detailsViewController.swift in Sources */,
				2600B81028A53E5900BEA9ED /* AppDelegate.swift in Sources */,
				2600B82428A53FB400BEA9ED /* countryModels.swift in Sources */,
				2600B82628A53FE400BEA9ED /* fetchCountries.swift in Sources */,
				2600B81228A53E5900BEA9ED /* SceneDelegate.swift in Sources */,
			);
			runOnlyForDeploymentPostprocessing = 0;
		};
/* End PBXSourcesBuildPhase section */

/* Begin PBXVariantGroup section */
		2600B81A28A53E5A00BEA9ED /* LaunchScreen.storyboard */ = {
			isa = PBXVariantGroup;
			children = (
				2600B81B28A53E5A00BEA9ED /* Base */,
			);
			name = LaunchScreen.storyboard;
			sourceTree = "<group>";
		};
/* End PBXVariantGroup section */

/* Begin XCBuildConfiguration section */
		2600B81E28A53E5A00BEA9ED /* Debug */ = {
			isa = XCBuildConfiguration;
			buildSettings = {
				ALWAYS_SEARCH_USER_PATHS = NO;
				CLANG_ANALYZER_NONNULL = YES;
				CLANG_ANALYZER_NUMBER_OBJECT_CONVERSION = YES_AGGRESSIVE;
				CLANG_CXX_LANGUAGE_STANDARD = "gnu++17";
				CLANG_ENABLE_MODULES = YES;
				CLANG_ENABLE_OBJC_ARC = YES;
				CLANG_ENABLE_OBJC_WEAK = YES;
				CLANG_WARN_BLOCK_CAPTURE_AUTORELEASING = YES;
				CLANG_WARN_BOOL_CONVERSION = YES;
				CLANG_WARN_COMMA = YES;
				CLANG_WARN_CONSTANT_CONVERSION = YES;
				CLANG_WARN_DEPRECATED_OBJC_IMPLEMENTATIONS = YES;
				CLANG_WARN_DIRECT_OBJC_ISA_USAGE = YES_ERROR;
				CLANG_WARN_DOCUMENTATION_COMMENTS = YES;
				CLANG_WARN_EMPTY_BODY = YES;
				CLANG_WARN_ENUM_CONVERSION = YES;
				CLANG_WARN_INFINITE_RECURSION = YES;
				CLANG_WARN_INT_CONVERSION = YES;
				CLANG_WARN_NON_LITERAL_NULL_CONVERSION = YES;
				CLANG_WARN_OBJC_IMPLICIT_RETAIN_SELF = YES;
				CLANG_WARN_OBJC_LITERAL_CONVERSION = YES;
				CLANG_WARN_OBJC_ROOT_CLASS = YES_ERROR;
				CLANG_WARN_QUOTED_INCLUDE_IN_FRAMEWORK_HEADER = YES;
				CLANG_WARN_RANGE_LOOP_ANALYSIS = YES;
				CLANG_WARN_STRICT_PROTOTYPES = YES;
				CLANG_WARN_SUSPICIOUS_MOVE = YES;
				CLANG_WARN_UNGUARDED_AVAILABILITY = YES_AGGRESSIVE;
				CLANG_WARN_UNREACHABLE_CODE = YES;
				CLANG_WARN__DUPLICATE_METHOD_MATCH = YES;
				COPY_PHASE_STRIP = NO;
				DEBUG_INFORMATION_FORMAT = dwarf;
				ENABLE_STRICT_OBJC_MSGSEND = YES;
				ENABLE_TESTABILITY = YES;
				GCC_C_LANGUAGE_STANDARD = gnu11;
				GCC_DYNAMIC_NO_PIC = NO;
				GCC_NO_COMMON_BLOCKS = YES;
				GCC_OPTIMIZATION_LEVEL = 0;
				GCC_PREPROCESSOR_DEFINITIONS = (
					"DEBUG=1",
					"$(inherited)",
				);
				GCC_WARN_64_TO_32_BIT_CONVERSION = YES;
				GCC_WARN_ABOUT_RETURN_TYPE = YES_ERROR;
				GCC_WARN_UNDECLARED_SELECTOR = YES;
				GCC_WARN_UNINITIALIZED_AUTOS = YES_AGGRESSIVE;
				GCC_WARN_UNUSED_FUNCTION = YES;
				GCC_WARN_UNUSED_VARIABLE = YES;
				IPHONEOS_DEPLOYMENT_TARGET = 15.5;
				MTL_ENABLE_DEBUG_INFO = INCLUDE_SOURCE;
				MTL_FAST_MATH = YES;
				ONLY_ACTIVE_ARCH = YES;
				SDKROOT = iphoneos;
				SWIFT_ACTIVE_COMPILATION_CONDITIONS = DEBUG;
				SWIFT_OPTIMIZATION_LEVEL = "-Onone";
			};
			name = Debug;
		};
		2600B81F28A53E5A00BEA9ED /* Release */ = {
			isa = XCBuildConfiguration;
			buildSettings = {
				ALWAYS_SEARCH_USER_PATHS = NO;
				CLANG_ANALYZER_NONNULL = YES;
				CLANG_ANALYZER_NUMBER_OBJECT_CONVERSION = YES_AGGRESSIVE;
				CLANG_CXX_LANGUAGE_STANDARD = "gnu++17";
				CLANG_ENABLE_MODULES = YES;
				CLANG_ENABLE_OBJC_ARC = YES;
				CLANG_ENABLE_OBJC_WEAK = YES;
				CLANG_WARN_BLOCK_CAPTURE_AUTORELEASING = YES;
				CLANG_WARN_BOOL_CONVERSION = YES;
				CLANG_WARN_COMMA = YES;
				CLANG_WARN_CONSTANT_CONVERSION = YES;
				CLANG_WARN_DEPRECATED_OBJC_IMPLEMENTATIONS = YES;
				CLANG_WARN_DIRECT_OBJC_ISA_USAGE = YES_ERROR;
				CLANG_WARN_DOCUMENTATION_COMMENTS = YES;
				CLANG_WARN_EMPTY_BODY = YES;
				CLANG_WARN_ENUM_CONVERSION = YES;
				CLANG_WARN_INFINITE_RECURSION = YES;
				CLANG_WARN_INT_CONVERSION = YES;
				CLANG_WARN_NON_LITERAL_NULL_CONVERSION = YES;
				CLANG_WARN_OBJC_IMPLICIT_RETAIN_SELF = YES;
				CLANG_WARN_OBJC_LITERAL_CONVERSION = YES;
				CLANG_WARN_OBJC_ROOT_CLASS = YES_ERROR;
				CLANG_WARN_QUOTED_INCLUDE_IN_FRAMEWORK_HEADER = YES;
				CLANG_WARN_RANGE_LOOP_ANALYSIS = YES;
				CLANG_WARN_STRICT_PROTOTYPES = YES;
				CLANG_WARN_SUSPICIOUS_MOVE = YES;
				CLANG_WARN_UNGUARDED_AVAILABILITY = YES_AGGRESSIVE;
				CLANG_WARN_UNREACHABLE_CODE = YES;
				CLANG_WARN__DUPLICATE_METHOD_MATCH = YES;
				COPY_PHASE_STRIP = NO;
				DEBUG_INFORMATION_FORMAT = "dwarf-with-dsym";
				ENABLE_NS_ASSERTIONS = NO;
				ENABLE_STRICT_OBJC_MSGSEND = YES;
				GCC_C_LANGUAGE_STANDARD = gnu11;
				GCC_NO_COMMON_BLOCKS = YES;
				GCC_WARN_64_TO_32_BIT_CONVERSION = YES;
				GCC_WARN_ABOUT_RETURN_TYPE = YES_ERROR;
				GCC_WARN_UNDECLARED_SELECTOR = YES;
				GCC_WARN_UNINITIALIZED_AUTOS = YES_AGGRESSIVE;
				GCC_WARN_UNUSED_FUNCTION = YES;
				GCC_WARN_UNUSED_VARIABLE = YES;
				IPHONEOS_DEPLOYMENT_TARGET = 15.5;
				MTL_ENABLE_DEBUG_INFO = NO;
				MTL_FAST_MATH = YES;
				SDKROOT = iphoneos;
				SWIFT_COMPILATION_MODE = wholemodule;
				SWIFT_OPTIMIZATION_LEVEL = "-O";
				VALIDATE_PRODUCT = YES;
			};
			name = Release;
		};
		2600B82128A53E5A00BEA9ED /* Debug */ = {
			isa = XCBuildConfiguration;
			buildSettings = {
				ASSETCATALOG_COMPILER_APPICON_NAME = AppIcon;
				ASSETCATALOG_COMPILER_GLOBAL_ACCENT_COLOR_NAME = AccentColor;
				CODE_SIGN_STYLE = Automatic;
				CURRENT_PROJECT_VERSION = 1;
				DEVELOPMENT_TEAM = QWXSDUP35P;
				GENERATE_INFOPLIST_FILE = YES;
				INFOPLIST_FILE = "21(misho zirakashvili)/Info.plist";
				INFOPLIST_KEY_UIApplicationSupportsIndirectInputEvents = YES;
				INFOPLIST_KEY_UILaunchStoryboardName = LaunchScreen;
				INFOPLIST_KEY_UISupportedInterfaceOrientations_iPad = "UIInterfaceOrientationPortrait UIInterfaceOrientationPortraitUpsideDown UIInterfaceOrientationLandscapeLeft UIInterfaceOrientationLandscapeRight";
				INFOPLIST_KEY_UISupportedInterfaceOrientations_iPhone = "UIInterfaceOrientationPortrait UIInterfaceOrientationLandscapeLeft UIInterfaceOrientationLandscapeRight";
				LD_RUNPATH_SEARCH_PATHS = (
					"$(inherited)",
					"@executable_path/Frameworks",
				);
				MARKETING_VERSION = 1.0;
				PRODUCT_BUNDLE_IDENTIFIER = "tbcacademy.com.-1-misho-zirakashvili-";
				PRODUCT_NAME = "$(TARGET_NAME)";
				SWIFT_EMIT_LOC_STRINGS = YES;
				SWIFT_VERSION = 5.0;
				TARGETED_DEVICE_FAMILY = "1,2";
			};
			name = Debug;
		};
		2600B82228A53E5A00BEA9ED /* Release */ = {
			isa = XCBuildConfiguration;
			buildSettings = {
				ASSETCATALOG_COMPILER_APPICON_NAME = AppIcon;
				ASSETCATALOG_COMPILER_GLOBAL_ACCENT_COLOR_NAME = AccentColor;
				CODE_SIGN_STYLE = Automatic;
				CURRENT_PROJECT_VERSION = 1;
				DEVELOPMENT_TEAM = QWXSDUP35P;
				GENERATE_INFOPLIST_FILE = YES;
				INFOPLIST_FILE = "21(misho zirakashvili)/Info.plist";
				INFOPLIST_KEY_UIApplicationSupportsIndirectInputEvents = YES;
				INFOPLIST_KEY_UILaunchStoryboardName = LaunchScreen;
				INFOPLIST_KEY_UISupportedInterfaceOrientations_iPad = "UIInterfaceOrientationPortrait UIInterfaceOrientationPortraitUpsideDown UIInterfaceOrientationLandscapeLeft UIInterfaceOrientationLandscapeRight";
				INFOPLIST_KEY_UISupportedInterfaceOrientations_iPhone = "UIInterfaceOrientationPortrait UIInterfaceOrientationLandscapeLeft UIInterfaceOrientationLandscapeRight";
				LD_RUNPATH_SEARCH_PATHS = (
					"$(inherited)",
					"@executable_path/Frameworks",
				);
				MARKETING_VERSION = 1.0;
				PRODUCT_BUNDLE_IDENTIFIER = "tbcacademy.com.-1-misho-zirakashvili-";
				PRODUCT_NAME = "$(TARGET_NAME)";
				SWIFT_EMIT_LOC_STRINGS = YES;
				SWIFT_VERSION = 5.0;
				TARGETED_DEVICE_FAMILY = "1,2";
			};
			name = Release;
		};
/* End XCBuildConfiguration section */

/* Begin XCConfigurationList section */
		2600B80728A53E5800BEA9ED /* Build configuration list for PBXProject "21(misho zirakashvili)" */ = {
			isa = XCConfigurationList;
			buildConfigurations = (
				2600B81E28A53E5A00BEA9ED /* Debug */,
				2600B81F28A53E5A00BEA9ED /* Release */,
			);
			defaultConfigurationIsVisible = 0;
			defaultConfigurationName = Release;
		};
		2600B82028A53E5A00BEA9ED /* Build configuration list for PBXNativeTarget "21(misho zirakashvili)" */ = {
			isa = XCConfigurationList;
			buildConfigurations = (
				2600B82128A53E5A00BEA9ED /* Debug */,
				2600B82228A53E5A00BEA9ED /* Release */,
			);
			defaultConfigurationIsVisible = 0;
			defaultConfigurationName = Release;
		};
/* End XCConfigurationList section */
	};
	rootObject = 2600B80428A53E5800BEA9ED /* Project object */;
}
